# @generated by Move, please check-in and do not edit manually.

[move]
version = 3
manifest_digest = "054442AE0A63F22DA8BEA9BD943F2D7EF8982CC582BA76F1C067B41E5AE3AA0C"
deps_digest = "3C4103934B1E040BB6B23F1D610B4EF9F2F1166A50A104EADCF77467C004C600"
dependencies = [
  { id = "Sui", name = "Sui" },
  { id = "tiu", name = "tiu" },
]

[[move.package]]
id = "MoveStdlib"
source = { git = "https://github.com/MystenLabs/sui.git", rev = "framework/testnet", subdir = "crates/sui-framework/packages/move-stdlib" }

[[move.package]]
id = "Sui"
source = { git = "https://github.com/MystenLabs/sui.git", rev = "framework/testnet", subdir = "crates/sui-framework/packages/sui-framework" }

dependencies = [
  { id = "MoveStdlib", name = "MoveStdlib" },
]

[[move.package]]
id = "tiu"
source = { git = "https://github.com/emre-yildiz-dev/sui_coin.git", rev = "main", subdir = "" }

dependencies = [
  { id = "Sui", name = "Sui" },
]

[move.toolchain-version]
compiler-version = "1.36.2"
edition = "2024.beta"
flavor = "sui"

[env]

[env.testnet]
chain-id = "4c78adac"
original-published-id = "0xabcc7935d15e68badacc636811d7890ca648a267d85297446f96c6195edd5e55"
latest-published-id = "0xabcc7935d15e68badacc636811d7890ca648a267d85297446f96c6195edd5e55"
published-version = "1"
